// !$*UTF8*$!
{
	archiveVersion = 1;
	classes = {
	};
	objectVersion = 55;
	objects = {

/* Begin PBXBuildFile section */
		A6D17918CA4D3FF150C49356 /* Color+extension.swift in Sources */ = {isa = PBXBuildFile; fileRef = 1E61FE11E9F3672F3851C898 /* Color+extension.swift */; };
		B551BD8427C685F1006FCB58 /* TimeboxApp.swift in Sources */ = {isa = PBXBuildFile; fileRef = B551BD8327C685F1006FCB58 /* TimeboxApp.swift */; };
		B551BD8627C685F1006FCB58 /* ContentView.swift in Sources */ = {isa = PBXBuildFile; fileRef = B551BD8527C685F1006FCB58 /* ContentView.swift */; };
		B551BD8827C685F2006FCB58 /* Assets.xcassets in Resources */ = {isa = PBXBuildFile; fileRef = B551BD8727C685F2006FCB58 /* Assets.xcassets */; };
		B551BD8B27C685F2006FCB58 /* Preview Assets.xcassets in Resources */ = {isa = PBXBuildFile; fileRef = B551BD8A27C685F2006FCB58 /* Preview Assets.xcassets */; };
		B551BD9827C69157006FCB58 /* figma-export.yaml in Resources */ = {isa = PBXBuildFile; fileRef = B551BD9727C69157006FCB58 /* figma-export.yaml */; };
		E557C1745A5FE5DD47C4AFB9 /* UIColor+extension.swift in Sources */ = {isa = PBXBuildFile; fileRef = E7E9F2C409FF0EF09FFE6374 /* UIColor+extension.swift */; };
/* End PBXBuildFile section */

/* Begin PBXFileReference section */
		1E61FE11E9F3672F3851C898 /* Color+extension.swift */ = {isa = PBXFileReference; explicitFileType = sourcecode.swift; fileEncoding = 4; path = "Color+extension.swift"; sourceTree = "<group>"; };
		B551BD8027C685F1006FCB58 /* Timebox.app */ = {isa = PBXFileReference; explicitFileType = wrapper.application; includeInIndex = 0; path = Timebox.app; sourceTree = BUILT_PRODUCTS_DIR; };
		B551BD8327C685F1006FCB58 /* TimeboxApp.swift */ = {isa = PBXFileReference; lastKnownFileType = sourcecode.swift; path = TimeboxApp.swift; sourceTree = "<group>"; };
		B551BD8527C685F1006FCB58 /* ContentView.swift */ = {isa = PBXFileReference; lastKnownFileType = sourcecode.swift; path = ContentView.swift; sourceTree = "<group>"; };
		B551BD8727C685F2006FCB58 /* Assets.xcassets */ = {isa = PBXFileReference; lastKnownFileType = folder.assetcatalog; path = Assets.xcassets; sourceTree = "<group>"; };
		B551BD8A27C685F2006FCB58 /* Preview Assets.xcassets */ = {isa = PBXFileReference; lastKnownFileType = folder.assetcatalog; path = "Preview Assets.xcassets"; sourceTree = "<group>"; };
		B551BD9727C69157006FCB58 /* figma-export.yaml */ = {isa = PBXFileReference; fileEncoding = 4; lastKnownFileType = text.yaml; path = "figma-export.yaml"; sourceTree = "<group>"; };
		E7E9F2C409FF0EF09FFE6374 /* UIColor+extension.swift */ = {isa = PBXFileReference; explicitFileType = sourcecode.swift; fileEncoding = 4; path = "UIColor+extension.swift"; sourceTree = "<group>"; };
/* End PBXFileReference section */

/* Begin PBXFrameworksBuildPhase section */
		B551BD7D27C685F1006FCB58 /* Frameworks */ = {
			isa = PBXFrameworksBuildPhase;
			buildActionMask = 2147483647;
			files = (
			);
			runOnlyForDeploymentPostprocessing = 0;
		};
/* End PBXFrameworksBuildPhase section */

/* Begin PBXGroup section */
		B551BD7727C685F1006FCB58 = {
			isa = PBXGroup;
			children = (
				B551BD9727C69157006FCB58 /* figma-export.yaml */,
				B551BD8227C685F1006FCB58 /* Timebox */,
				B551BD8127C685F1006FCB58 /* Products */,
			);
			sourceTree = "<group>";
		};
		B551BD8127C685F1006FCB58 /* Products */ = {
			isa = PBXGroup;
			children = (
				B551BD8027C685F1006FCB58 /* Timebox.app */,
			);
			name = Products;
			sourceTree = "<group>";
		};
		B551BD8227C685F1006FCB58 /* Timebox */ = {
			isa = PBXGroup;
			children = (
				B551BD9527C68647006FCB58 /* Resources */,
				B551BD9227C68609006FCB58 /* Model */,
				B551BD9427C6862C006FCB58 /* View */,
				B551BD9327C6860D006FCB58 /* ViewModel */,
				B551BD8327C685F1006FCB58 /* TimeboxApp.swift */,
				B551BD8527C685F1006FCB58 /* ContentView.swift */,
				B551BD8927C685F2006FCB58 /* Preview Content */,
			);
			path = Timebox;
			sourceTree = "<group>";
		};
		B551BD8927C685F2006FCB58 /* Preview Content */ = {
			isa = PBXGroup;
			children = (
				B551BD8A27C685F2006FCB58 /* Preview Assets.xcassets */,
			);
			path = "Preview Content";
			sourceTree = "<group>";
		};
		B551BD9227C68609006FCB58 /* Model */ = {
			isa = PBXGroup;
			children = (
			);
			path = Model;
			sourceTree = "<group>";
		};
		B551BD9327C6860D006FCB58 /* ViewModel */ = {
			isa = PBXGroup;
			children = (
			);
			path = ViewModel;
			sourceTree = "<group>";
		};
		B551BD9427C6862C006FCB58 /* View */ = {
			isa = PBXGroup;
			children = (
				B551BD9627C68886006FCB58 /* Extension */,
			);
			path = View;
			sourceTree = "<group>";
		};
		B551BD9527C68647006FCB58 /* Resources */ = {
			isa = PBXGroup;
			children = (
				B551BD8727C685F2006FCB58 /* Assets.xcassets */,
			);
			path = Resources;
			sourceTree = "<group>";
		};
		B551BD9627C68886006FCB58 /* Extension */ = {
			isa = PBXGroup;
			children = (
				E7E9F2C409FF0EF09FFE6374 /* UIColor+extension.swift */,
				1E61FE11E9F3672F3851C898 /* Color+extension.swift */,
			);
			path = Extension;
			sourceTree = "<group>";
		};
/* End PBXGroup section */

/* Begin PBXNativeTarget section */
		B551BD7F27C685F1006FCB58 /* Timebox */ = {
			isa = PBXNativeTarget;
			buildConfigurationList = B551BD8E27C685F2006FCB58 /* Build configuration list for PBXNativeTarget "Timebox" */;
			buildPhases = (
				B551BD7C27C685F1006FCB58 /* Sources */,
				B551BD7D27C685F1006FCB58 /* Frameworks */,
				B551BD7E27C685F1006FCB58 /* Resources */,
			);
			buildRules = (
			);
			dependencies = (
			);
			name = Timebox;
			productName = Timebox;
			productReference = B551BD8027C685F1006FCB58 /* Timebox.app */;
			productType = "com.apple.product-type.application";
		};
/* End PBXNativeTarget section */

/* Begin PBXProject section */
		B551BD7827C685F1006FCB58 /* Project object */ = {
			isa = PBXProject;
			attributes = {
				BuildIndependentTargetsInParallel = 1;
				LastSwiftUpdateCheck = 1320;
				LastUpgradeCheck = 1320;
				TargetAttributes = {
					B551BD7F27C685F1006FCB58 = {
						CreatedOnToolsVersion = 13.2.1;
					};
				};
			};
			buildConfigurationList = B551BD7B27C685F1006FCB58 /* Build configuration list for PBXProject "Timebox" */;
			compatibilityVersion = "Xcode 13.0";
			developmentRegion = en;
			hasScannedForEncodings = 0;
			knownRegions = (
				en,
				Base,
			);
			mainGroup = B551BD7727C685F1006FCB58;
			productRefGroup = B551BD8127C685F1006FCB58 /* Products */;
			projectDirPath = "";
			projectRoot = "";
			targets = (
				B551BD7F27C685F1006FCB58 /* Timebox */,
			);
		};
/* End PBXProject section */

/* Begin PBXResourcesBuildPhase section */
		B551BD7E27C685F1006FCB58 /* Resources */ = {
			isa = PBXResourcesBuildPhase;
			buildActionMask = 2147483647;
			files = (
				B551BD9827C69157006FCB58 /* figma-export.yaml in Resources */,
				B551BD8B27C685F2006FCB58 /* Preview Assets.xcassets in Resources */,
				B551BD8827C685F2006FCB58 /* Assets.xcassets in Resources */,
			);
			runOnlyForDeploymentPostprocessing = 0;
		};
/* End PBXResourcesBuildPhase section */

/* Begin PBXSourcesBuildPhase section */
		B551BD7C27C685F1006FCB58 /* Sources */ = {
			isa = PBXSourcesBuildPhase;
			buildActionMask = 2147483647;
			files = (
				B551BD8627C685F1006FCB58 /* ContentView.swift in Sources */,
				B551BD8427C685F1006FCB58 /* TimeboxApp.swift in Sources */,
				E557C1745A5FE5DD47C4AFB9 /* UIColor+extension.swift in Sources */,
				A6D17918CA4D3FF150C49356 /* Color+extension.swift in Sources */,
			);
			runOnlyForDeploymentPostprocessing = 0;
		};
/* End PBXSourcesBuildPhase section */

/* Begin XCBuildConfiguration section */
		B551BD8C27C685F2006FCB58 /* Debug */ = {
			isa = XCBuildConfiguration;
			buildSettings = {
				ALWAYS_SEARCH_USER_PATHS = NO;
				CLANG_ANALYZER_NONNULL = YES;
				CLANG_ANALYZER_NUMBER_OBJECT_CONVERSION = YES_AGGRESSIVE;
				CLANG_CXX_LANGUAGE_STANDARD = "gnu++17";
				CLANG_CXX_LIBRARY = "libc++";
				CLANG_ENABLE_MODULES = YES;
				CLANG_ENABLE_OBJC_ARC = YES;
				CLANG_ENABLE_OBJC_WEAK = YES;
				CLANG_WARN_BLOCK_CAPTURE_AUTORELEASING = YES;
				CLANG_WARN_BOOL_CONVERSION = YES;
				CLANG_WARN_COMMA = YES;
				CLANG_WARN_CONSTANT_CONVERSION = YES;
				CLANG_WARN_DEPRECATED_OBJC_IMPLEMENTATIONS = YES;
				CLANG_WARN_DIRECT_OBJC_ISA_USAGE = YES_ERROR;
				CLANG_WARN_DOCUMENTATION_COMMENTS = YES;
				CLANG_WARN_EMPTY_BODY = YES;
				CLANG_WARN_ENUM_CONVERSION = YES;
				CLANG_WARN_INFINITE_RECURSION = YES;
				CLANG_WARN_INT_CONVERSION = YES;
				CLANG_WARN_NON_LITERAL_NULL_CONVERSION = YES;
				CLANG_WARN_OBJC_IMPLICIT_RETAIN_SELF = YES;
				CLANG_WARN_OBJC_LITERAL_CONVERSION = YES;
				CLANG_WARN_OBJC_ROOT_CLASS = YES_ERROR;
				CLANG_WARN_QUOTED_INCLUDE_IN_FRAMEWORK_HEADER = YES;
				CLANG_WARN_RANGE_LOOP_ANALYSIS = YES;
				CLANG_WARN_STRICT_PROTOTYPES = YES;
				CLANG_WARN_SUSPICIOUS_MOVE = YES;
				CLANG_WARN_UNGUARDED_AVAILABILITY = YES_AGGRESSIVE;
				CLANG_WARN_UNREACHABLE_CODE = YES;
				CLANG_WARN__DUPLICATE_METHOD_MATCH = YES;
				COPY_PHASE_STRIP = NO;
				DEBUG_INFORMATION_FORMAT = dwarf;
				ENABLE_STRICT_OBJC_MSGSEND = YES;
				ENABLE_TESTABILITY = YES;
				GCC_C_LANGUAGE_STANDARD = gnu11;
				GCC_DYNAMIC_NO_PIC = NO;
				GCC_NO_COMMON_BLOCKS = YES;
				GCC_OPTIMIZATION_LEVEL = 0;
				GCC_PREPROCESSOR_DEFINITIONS = (
					"DEBUG=1",
					"$(inherited)",
				);
				GCC_WARN_64_TO_32_BIT_CONVERSION = YES;
				GCC_WARN_ABOUT_RETURN_TYPE = YES_ERROR;
				GCC_WARN_UNDECLARED_SELECTOR = YES;
				GCC_WARN_UNINITIALIZED_AUTOS = YES_AGGRESSIVE;
				GCC_WARN_UNUSED_FUNCTION = YES;
				GCC_WARN_UNUSED_VARIABLE = YES;
				IPHONEOS_DEPLOYMENT_TARGET = 15.2;
				MTL_ENABLE_DEBUG_INFO = INCLUDE_SOURCE;
				MTL_FAST_MATH = YES;
				ONLY_ACTIVE_ARCH = YES;
				SDKROOT = iphoneos;
				SWIFT_ACTIVE_COMPILATION_CONDITIONS = DEBUG;
				SWIFT_OPTIMIZATION_LEVEL = "-Onone";
			};
			name = Debug;
		};
		B551BD8D27C685F2006FCB58 /* Release */ = {
			isa = XCBuildConfiguration;
			buildSettings = {
				ALWAYS_SEARCH_USER_PATHS = NO;
				CLANG_ANALYZER_NONNULL = YES;
				CLANG_ANALYZER_NUMBER_OBJECT_CONVERSION = YES_AGGRESSIVE;
				CLANG_CXX_LANGUAGE_STANDARD = "gnu++17";
				CLANG_CXX_LIBRARY = "libc++";
				CLANG_ENABLE_MODULES = YES;
				CLANG_ENABLE_OBJC_ARC = YES;
				CLANG_ENABLE_OBJC_WEAK = YES;
				CLANG_WARN_BLOCK_CAPTURE_AUTORELEASING = YES;
				CLANG_WARN_BOOL_CONVERSION = YES;
				CLANG_WARN_COMMA = YES;
				CLANG_WARN_CONSTANT_CONVERSION = YES;
				CLANG_WARN_DEPRECATED_OBJC_IMPLEMENTATIONS = YES;
				CLANG_WARN_DIRECT_OBJC_ISA_USAGE = YES_ERROR;
				CLANG_WARN_DOCUMENTATION_COMMENTS = YES;
				CLANG_WARN_EMPTY_BODY = YES;
				CLANG_WARN_ENUM_CONVERSION = YES;
				CLANG_WARN_INFINITE_RECURSION = YES;
				CLANG_WARN_INT_CONVERSION = YES;
				CLANG_WARN_NON_LITERAL_NULL_CONVERSION = YES;
				CLANG_WARN_OBJC_IMPLICIT_RETAIN_SELF = YES;
				CLANG_WARN_OBJC_LITERAL_CONVERSION = YES;
				CLANG_WARN_OBJC_ROOT_CLASS = YES_ERROR;
				CLANG_WARN_QUOTED_INCLUDE_IN_FRAMEWORK_HEADER = YES;
				CLANG_WARN_RANGE_LOOP_ANALYSIS = YES;
				CLANG_WARN_STRICT_PROTOTYPES = YES;
				CLANG_WARN_SUSPICIOUS_MOVE = YES;
				CLANG_WARN_UNGUARDED_AVAILABILITY = YES_AGGRESSIVE;
				CLANG_WARN_UNREACHABLE_CODE = YES;
				CLANG_WARN__DUPLICATE_METHOD_MATCH = YES;
				COPY_PHASE_STRIP = NO;
				DEBUG_INFORMATION_FORMAT = "dwarf-with-dsym";
				ENABLE_NS_ASSERTIONS = NO;
				ENABLE_STRICT_OBJC_MSGSEND = YES;
				GCC_C_LANGUAGE_STANDARD = gnu11;
				GCC_NO_COMMON_BLOCKS = YES;
				GCC_WARN_64_TO_32_BIT_CONVERSION = YES;
				GCC_WARN_ABOUT_RETURN_TYPE = YES_ERROR;
				GCC_WARN_UNDECLARED_SELECTOR = YES;
				GCC_WARN_UNINITIALIZED_AUTOS = YES_AGGRESSIVE;
				GCC_WARN_UNUSED_FUNCTION = YES;
				GCC_WARN_UNUSED_VARIABLE = YES;
				IPHONEOS_DEPLOYMENT_TARGET = 15.2;
				MTL_ENABLE_DEBUG_INFO = NO;
				MTL_FAST_MATH = YES;
				SDKROOT = iphoneos;
				SWIFT_COMPILATION_MODE = wholemodule;
				SWIFT_OPTIMIZATION_LEVEL = "-O";
				VALIDATE_PRODUCT = YES;
			};
			name = Release;
		};
		B551BD8F27C685F2006FCB58 /* Debug */ = {
			isa = XCBuildConfiguration;
			buildSettings = {
				ASSETCATALOG_COMPILER_APPICON_NAME = AppIcon;
				ASSETCATALOG_COMPILER_GLOBAL_ACCENT_COLOR_NAME = AccentColor;
				CODE_SIGN_STYLE = Automatic;
				CURRENT_PROJECT_VERSION = 1;
				DEVELOPMENT_ASSET_PATHS = "\"Timebox/Preview Content\"";
				DEVELOPMENT_TEAM = 429D46KH79;
				ENABLE_PREVIEWS = YES;
				GENERATE_INFOPLIST_FILE = YES;
				INFOPLIST_KEY_UIApplicationSceneManifest_Generation = YES;
				INFOPLIST_KEY_UIApplicationSupportsIndirectInputEvents = YES;
				INFOPLIST_KEY_UILaunchScreen_Generation = YES;
				INFOPLIST_KEY_UISupportedInterfaceOrientations_iPad = "UIInterfaceOrientationPortrait UIInterfaceOrientationPortraitUpsideDown UIInterfaceOrientationLandscapeLeft UIInterfaceOrientationLandscapeRight";
				INFOPLIST_KEY_UISupportedInterfaceOrientations_iPhone = "UIInterfaceOrientationPortrait UIInterfaceOrientationLandscapeLeft UIInterfaceOrientationLandscapeRight";
				LD_RUNPATH_SEARCH_PATHS = (
					"$(inherited)",
					"@executable_path/Frameworks",
				);
				MARKETING_VERSION = 1.0;
				PRODUCT_BUNDLE_IDENTIFIER = com.lianghan321.Timebox;
				PRODUCT_NAME = "$(TARGET_NAME)";
				SWIFT_EMIT_LOC_STRINGS = YES;
				SWIFT_VERSION = 5.0;
				TARGETED_DEVICE_FAMILY = "1,2";
			};
			name = Debug;
		};
		B551BD9027C685F2006FCB58 /* Release */ = {
			isa = XCBuildConfiguration;
			buildSettings = {
				ASSETCATALOG_COMPILER_APPICON_NAME = AppIcon;
				ASSETCATALOG_COMPILER_GLOBAL_ACCENT_COLOR_NAME = AccentColor;
				CODE_SIGN_STYLE = Automatic;
				CURRENT_PROJECT_VERSION = 1;
				DEVELOPMENT_ASSET_PATHS = "\"Timebox/Preview Content\"";
				DEVELOPMENT_TEAM = 429D46KH79;
				ENABLE_PREVIEWS = YES;
				GENERATE_INFOPLIST_FILE = YES;
				INFOPLIST_KEY_UIApplicationSceneManifest_Generation = YES;
				INFOPLIST_KEY_UIApplicationSupportsIndirectInputEvents = YES;
				INFOPLIST_KEY_UILaunchScreen_Generation = YES;
				INFOPLIST_KEY_UISupportedInterfaceOrientations_iPad = "UIInterfaceOrientationPortrait UIInterfaceOrientationPortraitUpsideDown UIInterfaceOrientationLandscapeLeft UIInterfaceOrientationLandscapeRight";
				INFOPLIST_KEY_UISupportedInterfaceOrientations_iPhone = "UIInterfaceOrientationPortrait UIInterfaceOrientationLandscapeLeft UIInterfaceOrientationLandscapeRight";
				LD_RUNPATH_SEARCH_PATHS = (
					"$(inherited)",
					"@executable_path/Frameworks",
				);
				MARKETING_VERSION = 1.0;
				PRODUCT_BUNDLE_IDENTIFIER = com.lianghan321.Timebox;
				PRODUCT_NAME = "$(TARGET_NAME)";
				SWIFT_EMIT_LOC_STRINGS = YES;
				SWIFT_VERSION = 5.0;
				TARGETED_DEVICE_FAMILY = "1,2";
			};
			name = Release;
		};
/* End XCBuildConfiguration section */

/* Begin XCConfigurationList section */
		B551BD7B27C685F1006FCB58 /* Build configuration list for PBXProject "Timebox" */ = {
			isa = XCConfigurationList;
			buildConfigurations = (
				B551BD8C27C685F2006FCB58 /* Debug */,
				B551BD8D27C685F2006FCB58 /* Release */,
			);
			defaultConfigurationIsVisible = 0;
			defaultConfigurationName = Release;
		};
		B551BD8E27C685F2006FCB58 /* Build configuration list for PBXNativeTarget "Timebox" */ = {
			isa = XCConfigurationList;
			buildConfigurations = (
				B551BD8F27C685F2006FCB58 /* Debug */,
				B551BD9027C685F2006FCB58 /* Release */,
			);
			defaultConfigurationIsVisible = 0;
			defaultConfigurationName = Release;
		};
/* End XCConfigurationList section */
	};
	rootObject = B551BD7827C685F1006FCB58 /* Project object */;
}
