// !$*UTF8*$!
{
	archiveVersion = 1;
	classes = {
	};
	objectVersion = 55;
	objects = {

/* Begin PBXBuildFile section */
		4D2AF6B16791ACA9BEEF4801 /* Font+extension.swift in Sources */ = {isa = PBXBuildFile; fileRef = 39E3F0396D75807726DEE01A /* Font+extension.swift */; };
		A6D17918CA4D3FF150C49356 /* Color+extension.swift in Sources */ = {isa = PBXBuildFile; fileRef = 1E61FE11E9F3672F3851C898 /* Color+extension.swift */; };
		B5015D1C27F5B08F00D01DB6 /* UniversalCustomNavigationBar.swift in Sources */ = {isa = PBXBuildFile; fileRef = B5015D1B27F5B08F00D01DB6 /* UniversalCustomNavigationBar.swift */; };
		B5015D1E27F5E4E400D01DB6 /* ListEntryView.swift in Sources */ = {isa = PBXBuildFile; fileRef = B5015D1D27F5E4E400D01DB6 /* ListEntryView.swift */; };
		B5015D2027F5E79000D01DB6 /* ListButtonView.swift in Sources */ = {isa = PBXBuildFile; fileRef = B5015D1F27F5E79000D01DB6 /* ListButtonView.swift */; };
		B5015D2227F6107200D01DB6 /* MailView.swift in Sources */ = {isa = PBXBuildFile; fileRef = B5015D2127F6107200D01DB6 /* MailView.swift */; };
		B5057A9827CF279D0005512F /* View+extension.swift in Sources */ = {isa = PBXBuildFile; fileRef = B5057A9727CF279D0005512F /* View+extension.swift */; };
		B50E895C27EDA570005DBD59 /* Subtask.swift in Sources */ = {isa = PBXBuildFile; fileRef = B50E895027EDA570005DBD59 /* Subtask.swift */; };
		B50E896C27EDA84E005DBD59 /* Achievement.swift in Sources */ = {isa = PBXBuildFile; fileRef = B50E896427EDA84E005DBD59 /* Achievement.swift */; };
		B51B3C4D27C78EAC001CD692 /* OnboardTab.swift in Sources */ = {isa = PBXBuildFile; fileRef = B51B3C4C27C78EAC001CD692 /* OnboardTab.swift */; };
		B51B3C4F27C79CD1001CD692 /* LoginScreen.swift in Sources */ = {isa = PBXBuildFile; fileRef = B51B3C4E27C79CD1001CD692 /* LoginScreen.swift */; };
		B551BD8427C685F1006FCB58 /* TimeboxApp.swift in Sources */ = {isa = PBXBuildFile; fileRef = B551BD8327C685F1006FCB58 /* TimeboxApp.swift */; };
		B551BD8627C685F1006FCB58 /* ContentView.swift in Sources */ = {isa = PBXBuildFile; fileRef = B551BD8527C685F1006FCB58 /* ContentView.swift */; };
		B551BD8827C685F2006FCB58 /* Assets.xcassets in Resources */ = {isa = PBXBuildFile; fileRef = B551BD8727C685F2006FCB58 /* Assets.xcassets */; };
		B551BD8B27C685F2006FCB58 /* Preview Assets.xcassets in Resources */ = {isa = PBXBuildFile; fileRef = B551BD8A27C685F2006FCB58 /* Preview Assets.xcassets */; };
		B551BD9827C69157006FCB58 /* figma-export.yaml in Resources */ = {isa = PBXBuildFile; fileRef = B551BD9727C69157006FCB58 /* figma-export.yaml */; };
		B561B7F527F2AA34003FDF5B /* UIFont+extension.swift in Sources */ = {isa = PBXBuildFile; fileRef = B561B7F427F2AA34003FDF5B /* UIFont+extension.swift */; };
		B562123127E41E1C00A45AD7 /* TaskModal.swift in Sources */ = {isa = PBXBuildFile; fileRef = B562123027E41E1C00A45AD7 /* TaskModal.swift */; };
		B567D3FF27F340B200BB469F /* UIViewController+extension.swift in Sources */ = {isa = PBXBuildFile; fileRef = B567D3FE27F340B200BB469F /* UIViewController+extension.swift */; };
		B567D40127F3585000BB469F /* SettingsViewModel.swift in Sources */ = {isa = PBXBuildFile; fileRef = B567D40027F3585000BB469F /* SettingsViewModel.swift */; };
		B569230927F18A6A0010A04C /* UIColorPickerModal.swift in Sources */ = {isa = PBXBuildFile; fileRef = B569230827F18A6A0010A04C /* UIColorPickerModal.swift */; };
		B569230B27F1BBEB0010A04C /* SettingsScreen.swift in Sources */ = {isa = PBXBuildFile; fileRef = B569230A27F1BBEB0010A04C /* SettingsScreen.swift */; };
		B58C531E27D7035B00A48AE8 /* TaskDetails.swift in Sources */ = {isa = PBXBuildFile; fileRef = B58C531D27D7035B00A48AE8 /* TaskDetails.swift */; };
		B592B9FB27CE0A97009F079C /* ScheduledTasks.swift in Sources */ = {isa = PBXBuildFile; fileRef = B592B9FA27CE0A97009F079C /* ScheduledTasks.swift */; };
		B592B9FF27CE2079009F079C /* TaskViewModel.swift in Sources */ = {isa = PBXBuildFile; fileRef = B592B9FE27CE2079009F079C /* TaskViewModel.swift */; };
		B593FAE227F703B5002AD8C0 /* TaskViewModelMVVM.swift in Sources */ = {isa = PBXBuildFile; fileRef = B593FAE127F703B5002AD8C0 /* TaskViewModelMVVM.swift */; };
		B599749327F49E5B00C188E2 /* WhiteNoise.plist in Resources */ = {isa = PBXBuildFile; fileRef = B599749227F49E5B00C188E2 /* WhiteNoise.plist */; };
		B5A0822C27EF1C92000F7BE3 /* String+extension.swift in Sources */ = {isa = PBXBuildFile; fileRef = B5A0822B27EF1C92000F7BE3 /* String+extension.swift */; };
		B5A323AF27C750D500D9767C /* OnboardingScreen.swift in Sources */ = {isa = PBXBuildFile; fileRef = B5A323AE27C750D500D9767C /* OnboardingScreen.swift */; };
		B5A323B227C75CB300D9767C /* Montserrat-Italic.ttf in Resources */ = {isa = PBXBuildFile; fileRef = B5A323B027C75CB300D9767C /* Montserrat-Italic.ttf */; };
		B5A323B327C75CB300D9767C /* Montserrat.ttf in Resources */ = {isa = PBXBuildFile; fileRef = B5A323B127C75CB300D9767C /* Montserrat.ttf */; };
		B5B43B3227F037E700136E73 /* AchievementViewModel.swift in Sources */ = {isa = PBXBuildFile; fileRef = B5B43B3127F037E700136E73 /* AchievementViewModel.swift */; };
		B5B43B3627F0425800136E73 /* Achievements.json in Resources */ = {isa = PBXBuildFile; fileRef = B5B43B3527F0425800136E73 /* Achievements.json */; };
		B5B43B3927F0669300136E73 /* TaskSession.swift in Sources */ = {isa = PBXBuildFile; fileRef = B5B43B3727F0669300136E73 /* TaskSession.swift */; };
		B5B43B3D27F0677500136E73 /* Task.swift in Sources */ = {isa = PBXBuildFile; fileRef = B5B43B3B27F0677500136E73 /* Task.swift */; };
		B5B43B4027F068CB00136E73 /* TaskSessionViewModel.swift in Sources */ = {isa = PBXBuildFile; fileRef = B5B43B3F27F068CB00136E73 /* TaskSessionViewModel.swift */; };
		B5B43B4227F0B2E500136E73 /* RootView.swift in Sources */ = {isa = PBXBuildFile; fileRef = B5B43B4127F0B2E500136E73 /* RootView.swift */; };
		B5B43B4427F0BB7D00136E73 /* HexagonShape.swift in Sources */ = {isa = PBXBuildFile; fileRef = B5B43B4327F0BB7D00136E73 /* HexagonShape.swift */; };
		B5C1D9E027D3469C00E0D73E /* CTAButton.swift in Sources */ = {isa = PBXBuildFile; fileRef = B5C1D9DF27D3469C00E0D73E /* CTAButton.swift */; };
		B5D152F927D082E10073421B /* TaskCardView.swift in Sources */ = {isa = PBXBuildFile; fileRef = B5D152F827D082E10073421B /* TaskCardView.swift */; };
		B5D152FB27D0A5620073421B /* BacklogTasks.swift in Sources */ = {isa = PBXBuildFile; fileRef = B5D152FA27D0A5620073421B /* BacklogTasks.swift */; };
		B5D3081527E7071900959EF5 /* ListItemPickerView.swift in Sources */ = {isa = PBXBuildFile; fileRef = B5D3081427E7071900959EF5 /* ListItemPickerView.swift */; };
		B5D408AE27EC7378007FEB90 /* OngoingCardView.swift in Sources */ = {isa = PBXBuildFile; fileRef = B5D408AD27EC7378007FEB90 /* OngoingCardView.swift */; };
		B5D9B60927EDF11700B541AA /* DynamicAnalyticsView.swift in Sources */ = {isa = PBXBuildFile; fileRef = B5D9B60827EDF11700B541AA /* DynamicAnalyticsView.swift */; };
		B5DB8A2A27D4B2A7000D8B51 /* DynamicTaskList.swift in Sources */ = {isa = PBXBuildFile; fileRef = B5DB8A2927D4B2A7000D8B51 /* DynamicTaskList.swift */; };
		B5DB8A2F27D4B31D000D8B51 /* UIColorTransformer.swift in Sources */ = {isa = PBXBuildFile; fileRef = B5DB8A2E27D4B31D000D8B51 /* UIColorTransformer.swift */; };
		B5DB8A3B27D4B57B000D8B51 /* Persistence.swift in Sources */ = {isa = PBXBuildFile; fileRef = B5DB8A3A27D4B57B000D8B51 /* Persistence.swift */; };
		B5DB8A6C27D50167000D8B51 /* Timebox.xcdatamodeld in Sources */ = {isa = PBXBuildFile; fileRef = B5DB8A6A27D50167000D8B51 /* Timebox.xcdatamodeld */; };
		B5F39DA827F1EA6D00878579 /* Binding+extension.swift in Sources */ = {isa = PBXBuildFile; fileRef = B5F39DA727F1EA6D00878579 /* Binding+extension.swift */; };
		B5F645DB27CB6E9900AF1716 /* CloudKit.framework in Frameworks */ = {isa = PBXBuildFile; fileRef = B5F645DA27CB6E9900AF1716 /* CloudKit.framework */; };
		B5F645DD27CB837700AF1716 /* AuthViewModel.swift in Sources */ = {isa = PBXBuildFile; fileRef = B5F645DC27CB837700AF1716 /* AuthViewModel.swift */; };
		B5F645DF27CB8D9000AF1716 /* HomeScreen.swift in Sources */ = {isa = PBXBuildFile; fileRef = B5F645DE27CB8D9000AF1716 /* HomeScreen.swift */; };
		E557C1745A5FE5DD47C4AFB9 /* UIColor+extension.swift in Sources */ = {isa = PBXBuildFile; fileRef = E7E9F2C409FF0EF09FFE6374 /* UIColor+extension.swift */; };
/* End PBXBuildFile section */

/* Begin PBXFileReference section */
		1E61FE11E9F3672F3851C898 /* Color+extension.swift */ = {isa = PBXFileReference; explicitFileType = sourcecode.swift; fileEncoding = 4; path = "Color+extension.swift"; sourceTree = "<group>"; };
		39E3F0396D75807726DEE01A /* Font+extension.swift */ = {isa = PBXFileReference; explicitFileType = sourcecode.swift; fileEncoding = 4; path = "Font+extension.swift"; sourceTree = "<group>"; };
		B5015D1B27F5B08F00D01DB6 /* UniversalCustomNavigationBar.swift */ = {isa = PBXFileReference; lastKnownFileType = sourcecode.swift; path = UniversalCustomNavigationBar.swift; sourceTree = "<group>"; };
		B5015D1D27F5E4E400D01DB6 /* ListEntryView.swift */ = {isa = PBXFileReference; lastKnownFileType = sourcecode.swift; path = ListEntryView.swift; sourceTree = "<group>"; };
		B5015D1F27F5E79000D01DB6 /* ListButtonView.swift */ = {isa = PBXFileReference; lastKnownFileType = sourcecode.swift; path = ListButtonView.swift; sourceTree = "<group>"; };
		B5015D2127F6107200D01DB6 /* MailView.swift */ = {isa = PBXFileReference; lastKnownFileType = sourcecode.swift; path = MailView.swift; sourceTree = "<group>"; };
		B5057A9727CF279D0005512F /* View+extension.swift */ = {isa = PBXFileReference; lastKnownFileType = sourcecode.swift; path = "View+extension.swift"; sourceTree = "<group>"; };
		B50E895027EDA570005DBD59 /* Subtask.swift */ = {isa = PBXFileReference; lastKnownFileType = sourcecode.swift; path = Subtask.swift; sourceTree = "<group>"; };
		B50E896427EDA84E005DBD59 /* Achievement.swift */ = {isa = PBXFileReference; lastKnownFileType = sourcecode.swift; path = Achievement.swift; sourceTree = "<group>"; };
		B51B3C4C27C78EAC001CD692 /* OnboardTab.swift */ = {isa = PBXFileReference; lastKnownFileType = sourcecode.swift; path = OnboardTab.swift; sourceTree = "<group>"; };
		B51B3C4E27C79CD1001CD692 /* LoginScreen.swift */ = {isa = PBXFileReference; lastKnownFileType = sourcecode.swift; path = LoginScreen.swift; sourceTree = "<group>"; };
		B551BD8027C685F1006FCB58 /* Timebox.app */ = {isa = PBXFileReference; explicitFileType = wrapper.application; includeInIndex = 0; path = Timebox.app; sourceTree = BUILT_PRODUCTS_DIR; };
		B551BD8327C685F1006FCB58 /* TimeboxApp.swift */ = {isa = PBXFileReference; lastKnownFileType = sourcecode.swift; path = TimeboxApp.swift; sourceTree = "<group>"; };
		B551BD8527C685F1006FCB58 /* ContentView.swift */ = {isa = PBXFileReference; lastKnownFileType = sourcecode.swift; path = ContentView.swift; sourceTree = "<group>"; };
		B551BD8727C685F2006FCB58 /* Assets.xcassets */ = {isa = PBXFileReference; lastKnownFileType = folder.assetcatalog; path = Assets.xcassets; sourceTree = "<group>"; };
		B551BD8A27C685F2006FCB58 /* Preview Assets.xcassets */ = {isa = PBXFileReference; lastKnownFileType = folder.assetcatalog; path = "Preview Assets.xcassets"; sourceTree = "<group>"; };
		B551BD9727C69157006FCB58 /* figma-export.yaml */ = {isa = PBXFileReference; fileEncoding = 4; lastKnownFileType = text.yaml; path = "figma-export.yaml"; sourceTree = "<group>"; };
		B561B7F427F2AA34003FDF5B /* UIFont+extension.swift */ = {isa = PBXFileReference; fileEncoding = 4; lastKnownFileType = sourcecode.swift; path = "UIFont+extension.swift"; sourceTree = "<group>"; };
		B562123027E41E1C00A45AD7 /* TaskModal.swift */ = {isa = PBXFileReference; lastKnownFileType = sourcecode.swift; path = TaskModal.swift; sourceTree = "<group>"; };
		B567D3FE27F340B200BB469F /* UIViewController+extension.swift */ = {isa = PBXFileReference; lastKnownFileType = sourcecode.swift; path = "UIViewController+extension.swift"; sourceTree = "<group>"; };
		B567D40027F3585000BB469F /* SettingsViewModel.swift */ = {isa = PBXFileReference; lastKnownFileType = sourcecode.swift; path = SettingsViewModel.swift; sourceTree = "<group>"; };
		B569230827F18A6A0010A04C /* UIColorPickerModal.swift */ = {isa = PBXFileReference; lastKnownFileType = sourcecode.swift; path = UIColorPickerModal.swift; sourceTree = "<group>"; };
		B569230A27F1BBEB0010A04C /* SettingsScreen.swift */ = {isa = PBXFileReference; lastKnownFileType = sourcecode.swift; path = SettingsScreen.swift; sourceTree = "<group>"; };
		B58C531D27D7035B00A48AE8 /* TaskDetails.swift */ = {isa = PBXFileReference; lastKnownFileType = sourcecode.swift; path = TaskDetails.swift; sourceTree = "<group>"; };
		B592B9FA27CE0A97009F079C /* ScheduledTasks.swift */ = {isa = PBXFileReference; lastKnownFileType = sourcecode.swift; path = ScheduledTasks.swift; sourceTree = "<group>"; };
		B592B9FE27CE2079009F079C /* TaskViewModel.swift */ = {isa = PBXFileReference; lastKnownFileType = sourcecode.swift; path = TaskViewModel.swift; sourceTree = "<group>"; };
		B593FAE127F703B5002AD8C0 /* TaskViewModelMVVM.swift */ = {isa = PBXFileReference; lastKnownFileType = sourcecode.swift; path = TaskViewModelMVVM.swift; sourceTree = "<group>"; };
		B599749227F49E5B00C188E2 /* WhiteNoise.plist */ = {isa = PBXFileReference; lastKnownFileType = text.plist.xml; path = WhiteNoise.plist; sourceTree = "<group>"; };
		B5A0822B27EF1C92000F7BE3 /* String+extension.swift */ = {isa = PBXFileReference; lastKnownFileType = sourcecode.swift; path = "String+extension.swift"; sourceTree = "<group>"; };
		B5A323AE27C750D500D9767C /* OnboardingScreen.swift */ = {isa = PBXFileReference; lastKnownFileType = sourcecode.swift; path = OnboardingScreen.swift; sourceTree = "<group>"; };
		B5A323B027C75CB300D9767C /* Montserrat-Italic.ttf */ = {isa = PBXFileReference; lastKnownFileType = file; path = "Montserrat-Italic.ttf"; sourceTree = "<group>"; };
		B5A323B127C75CB300D9767C /* Montserrat.ttf */ = {isa = PBXFileReference; lastKnownFileType = file; path = Montserrat.ttf; sourceTree = "<group>"; };
		B5A323B427C7639F00D9767C /* Info.plist */ = {isa = PBXFileReference; lastKnownFileType = text.plist; path = Info.plist; sourceTree = "<group>"; };
		B5B43B3127F037E700136E73 /* AchievementViewModel.swift */ = {isa = PBXFileReference; lastKnownFileType = sourcecode.swift; path = AchievementViewModel.swift; sourceTree = "<group>"; };
		B5B43B3527F0425800136E73 /* Achievements.json */ = {isa = PBXFileReference; fileEncoding = 4; lastKnownFileType = text.json; path = Achievements.json; sourceTree = "<group>"; };
		B5B43B3727F0669300136E73 /* TaskSession.swift */ = {isa = PBXFileReference; lastKnownFileType = sourcecode.swift; path = TaskSession.swift; sourceTree = "<group>"; };
		B5B43B3B27F0677500136E73 /* Task.swift */ = {isa = PBXFileReference; lastKnownFileType = sourcecode.swift; path = Task.swift; sourceTree = "<group>"; };
		B5B43B3F27F068CB00136E73 /* TaskSessionViewModel.swift */ = {isa = PBXFileReference; lastKnownFileType = sourcecode.swift; path = TaskSessionViewModel.swift; sourceTree = "<group>"; };
		B5B43B4127F0B2E500136E73 /* RootView.swift */ = {isa = PBXFileReference; lastKnownFileType = sourcecode.swift; path = RootView.swift; sourceTree = "<group>"; };
		B5B43B4327F0BB7D00136E73 /* HexagonShape.swift */ = {isa = PBXFileReference; lastKnownFileType = sourcecode.swift; path = HexagonShape.swift; sourceTree = "<group>"; };
		B5C1D9DF27D3469C00E0D73E /* CTAButton.swift */ = {isa = PBXFileReference; lastKnownFileType = sourcecode.swift; path = CTAButton.swift; sourceTree = "<group>"; };
		B5D152F827D082E10073421B /* TaskCardView.swift */ = {isa = PBXFileReference; lastKnownFileType = sourcecode.swift; path = TaskCardView.swift; sourceTree = "<group>"; };
		B5D152FA27D0A5620073421B /* BacklogTasks.swift */ = {isa = PBXFileReference; lastKnownFileType = sourcecode.swift; path = BacklogTasks.swift; sourceTree = "<group>"; };
		B5D3081427E7071900959EF5 /* ListItemPickerView.swift */ = {isa = PBXFileReference; lastKnownFileType = sourcecode.swift; path = ListItemPickerView.swift; sourceTree = "<group>"; };
		B5D408AD27EC7378007FEB90 /* OngoingCardView.swift */ = {isa = PBXFileReference; lastKnownFileType = sourcecode.swift; path = OngoingCardView.swift; sourceTree = "<group>"; };
		B5D9B60827EDF11700B541AA /* DynamicAnalyticsView.swift */ = {isa = PBXFileReference; lastKnownFileType = sourcecode.swift; path = DynamicAnalyticsView.swift; sourceTree = "<group>"; };
		B5DB8A2927D4B2A7000D8B51 /* DynamicTaskList.swift */ = {isa = PBXFileReference; fileEncoding = 4; lastKnownFileType = sourcecode.swift; path = DynamicTaskList.swift; sourceTree = "<group>"; };
		B5DB8A2E27D4B31D000D8B51 /* UIColorTransformer.swift */ = {isa = PBXFileReference; fileEncoding = 4; lastKnownFileType = sourcecode.swift; path = UIColorTransformer.swift; sourceTree = "<group>"; };
		B5DB8A3A27D4B57B000D8B51 /* Persistence.swift */ = {isa = PBXFileReference; fileEncoding = 4; lastKnownFileType = sourcecode.swift; path = Persistence.swift; sourceTree = "<group>"; };
		B5DB8A6B27D50167000D8B51 /* TimeboxCoreData.xcdatamodel */ = {isa = PBXFileReference; lastKnownFileType = wrapper.xcdatamodel; path = TimeboxCoreData.xcdatamodel; sourceTree = "<group>"; };
		B5F39DA727F1EA6D00878579 /* Binding+extension.swift */ = {isa = PBXFileReference; lastKnownFileType = sourcecode.swift; path = "Binding+extension.swift"; sourceTree = "<group>"; };
		B5F645D827CB6E9400AF1716 /* Timebox.entitlements */ = {isa = PBXFileReference; lastKnownFileType = text.plist.entitlements; path = Timebox.entitlements; sourceTree = "<group>"; };
		B5F645DA27CB6E9900AF1716 /* CloudKit.framework */ = {isa = PBXFileReference; lastKnownFileType = wrapper.framework; name = CloudKit.framework; path = System/Library/Frameworks/CloudKit.framework; sourceTree = SDKROOT; };
		B5F645DC27CB837700AF1716 /* AuthViewModel.swift */ = {isa = PBXFileReference; lastKnownFileType = sourcecode.swift; path = AuthViewModel.swift; sourceTree = "<group>"; };
		B5F645DE27CB8D9000AF1716 /* HomeScreen.swift */ = {isa = PBXFileReference; lastKnownFileType = sourcecode.swift; path = HomeScreen.swift; sourceTree = "<group>"; };
		E7E9F2C409FF0EF09FFE6374 /* UIColor+extension.swift */ = {isa = PBXFileReference; explicitFileType = sourcecode.swift; fileEncoding = 4; path = "UIColor+extension.swift"; sourceTree = "<group>"; };
/* End PBXFileReference section */

/* Begin PBXFrameworksBuildPhase section */
		B551BD7D27C685F1006FCB58 /* Frameworks */ = {
			isa = PBXFrameworksBuildPhase;
			buildActionMask = 2147483647;
			files = (
				B5F645DB27CB6E9900AF1716 /* CloudKit.framework in Frameworks */,
			);
			runOnlyForDeploymentPostprocessing = 0;
		};
/* End PBXFrameworksBuildPhase section */

/* Begin PBXGroup section */
		B551BD7727C685F1006FCB58 = {
			isa = PBXGroup;
			children = (
				B551BD9727C69157006FCB58 /* figma-export.yaml */,
				B551BD8227C685F1006FCB58 /* Timebox */,
				B551BD8127C685F1006FCB58 /* Products */,
				B5F645D927CB6E9900AF1716 /* Frameworks */,
			);
			sourceTree = "<group>";
		};
		B551BD8127C685F1006FCB58 /* Products */ = {
			isa = PBXGroup;
			children = (
				B551BD8027C685F1006FCB58 /* Timebox.app */,
			);
			name = Products;
			sourceTree = "<group>";
		};
		B551BD8227C685F1006FCB58 /* Timebox */ = {
			isa = PBXGroup;
			children = (
				B5F645D827CB6E9400AF1716 /* Timebox.entitlements */,
				B5A323B427C7639F00D9767C /* Info.plist */,
				B551BD9527C68647006FCB58 /* Resources */,
				B551BD9227C68609006FCB58 /* Model */,
				B551BD9427C6862C006FCB58 /* View */,
				B551BD9327C6860D006FCB58 /* ViewModel */,
				B551BD8327C685F1006FCB58 /* TimeboxApp.swift */,
				B551BD8527C685F1006FCB58 /* ContentView.swift */,
				B5DB8A2E27D4B31D000D8B51 /* UIColorTransformer.swift */,
				B5DB8A3A27D4B57B000D8B51 /* Persistence.swift */,
				B5DB8A6A27D50167000D8B51 /* Timebox.xcdatamodeld */,
				B551BD9627C68886006FCB58 /* Extension */,
				B551BD8927C685F2006FCB58 /* Preview Content */,
			);
			path = Timebox;
			sourceTree = "<group>";
		};
		B551BD8927C685F2006FCB58 /* Preview Content */ = {
			isa = PBXGroup;
			children = (
				B551BD8A27C685F2006FCB58 /* Preview Assets.xcassets */,
			);
			path = "Preview Content";
			sourceTree = "<group>";
		};
		B551BD9227C68609006FCB58 /* Model */ = {
			isa = PBXGroup;
			children = (
				B51B3C4C27C78EAC001CD692 /* OnboardTab.swift */,
				B5B43B3B27F0677500136E73 /* Task.swift */,
				B5B43B3727F0669300136E73 /* TaskSession.swift */,
				B50E895027EDA570005DBD59 /* Subtask.swift */,
				B50E896427EDA84E005DBD59 /* Achievement.swift */,
			);
			path = Model;
			sourceTree = "<group>";
		};
		B551BD9327C6860D006FCB58 /* ViewModel */ = {
			isa = PBXGroup;
			children = (
				B5F645DC27CB837700AF1716 /* AuthViewModel.swift */,
				B592B9FE27CE2079009F079C /* TaskViewModel.swift */,
				B5B43B3127F037E700136E73 /* AchievementViewModel.swift */,
				B5B43B3F27F068CB00136E73 /* TaskSessionViewModel.swift */,
				B567D40027F3585000BB469F /* SettingsViewModel.swift */,
				B593FAE127F703B5002AD8C0 /* TaskViewModelMVVM.swift */,
			);
			path = ViewModel;
			sourceTree = "<group>";
		};
		B551BD9427C6862C006FCB58 /* View */ = {
			isa = PBXGroup;
			children = (
				B5D152F727D082C40073421B /* Components */,
				B5A323AE27C750D500D9767C /* OnboardingScreen.swift */,
				B51B3C4E27C79CD1001CD692 /* LoginScreen.swift */,
				B5F645DE27CB8D9000AF1716 /* HomeScreen.swift */,
				B592B9FA27CE0A97009F079C /* ScheduledTasks.swift */,
				B5D152FA27D0A5620073421B /* BacklogTasks.swift */,
				B58C531D27D7035B00A48AE8 /* TaskDetails.swift */,
				B5B43B4127F0B2E500136E73 /* RootView.swift */,
				B569230A27F1BBEB0010A04C /* SettingsScreen.swift */,
			);
			path = View;
			sourceTree = "<group>";
		};
		B551BD9527C68647006FCB58 /* Resources */ = {
			isa = PBXGroup;
			children = (
				B5A323B027C75CB300D9767C /* Montserrat-Italic.ttf */,
				B5A323B127C75CB300D9767C /* Montserrat.ttf */,
				B5B43B3527F0425800136E73 /* Achievements.json */,
				B599749227F49E5B00C188E2 /* WhiteNoise.plist */,
				B551BD8727C685F2006FCB58 /* Assets.xcassets */,
			);
			path = Resources;
			sourceTree = "<group>";
		};
		B551BD9627C68886006FCB58 /* Extension */ = {
			isa = PBXGroup;
			children = (
				E7E9F2C409FF0EF09FFE6374 /* UIColor+extension.swift */,
				B561B7F427F2AA34003FDF5B /* UIFont+extension.swift */,
				1E61FE11E9F3672F3851C898 /* Color+extension.swift */,
				39E3F0396D75807726DEE01A /* Font+extension.swift */,
				B5057A9727CF279D0005512F /* View+extension.swift */,
				B5A0822B27EF1C92000F7BE3 /* String+extension.swift */,
				B5F39DA727F1EA6D00878579 /* Binding+extension.swift */,
				B567D3FE27F340B200BB469F /* UIViewController+extension.swift */,
			);
			path = Extension;
			sourceTree = "<group>";
		};
		B5D152F727D082C40073421B /* Components */ = {
			isa = PBXGroup;
			children = (
				B5D9B60827EDF11700B541AA /* DynamicAnalyticsView.swift */,
				B5DB8A2927D4B2A7000D8B51 /* DynamicTaskList.swift */,
				B5D152F827D082E10073421B /* TaskCardView.swift */,
				B5D408AD27EC7378007FEB90 /* OngoingCardView.swift */,
				B562123027E41E1C00A45AD7 /* TaskModal.swift */,
				B569230827F18A6A0010A04C /* UIColorPickerModal.swift */,
				B5015D1D27F5E4E400D01DB6 /* ListEntryView.swift */,
				B5015D1F27F5E79000D01DB6 /* ListButtonView.swift */,
				B5D3081427E7071900959EF5 /* ListItemPickerView.swift */,
				B5B43B4327F0BB7D00136E73 /* HexagonShape.swift */,
				B5015D1B27F5B08F00D01DB6 /* UniversalCustomNavigationBar.swift */,
				B5C1D9DF27D3469C00E0D73E /* CTAButton.swift */,
				B5015D2127F6107200D01DB6 /* MailView.swift */,
			);
			path = Components;
			sourceTree = "<group>";
		};
		B5F645D927CB6E9900AF1716 /* Frameworks */ = {
			isa = PBXGroup;
			children = (
				B5F645DA27CB6E9900AF1716 /* CloudKit.framework */,
			);
			name = Frameworks;
			sourceTree = "<group>";
		};
/* End PBXGroup section */

/* Begin PBXNativeTarget section */
		B551BD7F27C685F1006FCB58 /* Timebox */ = {
			isa = PBXNativeTarget;
			buildConfigurationList = B551BD8E27C685F2006FCB58 /* Build configuration list for PBXNativeTarget "Timebox" */;
			buildPhases = (
				B551BD7C27C685F1006FCB58 /* Sources */,
				B551BD7D27C685F1006FCB58 /* Frameworks */,
				B551BD7E27C685F1006FCB58 /* Resources */,
			);
			buildRules = (
			);
			dependencies = (
			);
			name = Timebox;
			productName = Timebox;
			productReference = B551BD8027C685F1006FCB58 /* Timebox.app */;
			productType = "com.apple.product-type.application";
		};
/* End PBXNativeTarget section */

/* Begin PBXProject section */
		B551BD7827C685F1006FCB58 /* Project object */ = {
			isa = PBXProject;
			attributes = {
				BuildIndependentTargetsInParallel = 1;
				LastSwiftUpdateCheck = 1320;
				LastUpgradeCheck = 1320;
				TargetAttributes = {
					B551BD7F27C685F1006FCB58 = {
						CreatedOnToolsVersion = 13.2.1;
					};
				};
			};
			buildConfigurationList = B551BD7B27C685F1006FCB58 /* Build configuration list for PBXProject "Timebox" */;
			compatibilityVersion = "Xcode 13.0";
			developmentRegion = en;
			hasScannedForEncodings = 0;
			knownRegions = (
				en,
				Base,
			);
			mainGroup = B551BD7727C685F1006FCB58;
			productRefGroup = B551BD8127C685F1006FCB58 /* Products */;
			projectDirPath = "";
			projectRoot = "";
			targets = (
				B551BD7F27C685F1006FCB58 /* Timebox */,
			);
		};
/* End PBXProject section */

/* Begin PBXResourcesBuildPhase section */
		B551BD7E27C685F1006FCB58 /* Resources */ = {
			isa = PBXResourcesBuildPhase;
			buildActionMask = 2147483647;
			files = (
				B551BD9827C69157006FCB58 /* figma-export.yaml in Resources */,
				B5A323B327C75CB300D9767C /* Montserrat.ttf in Resources */,
				B551BD8B27C685F2006FCB58 /* Preview Assets.xcassets in Resources */,
				B599749327F49E5B00C188E2 /* WhiteNoise.plist in Resources */,
				B551BD8827C685F2006FCB58 /* Assets.xcassets in Resources */,
				B5A323B227C75CB300D9767C /* Montserrat-Italic.ttf in Resources */,
				B5B43B3627F0425800136E73 /* Achievements.json in Resources */,
			);
			runOnlyForDeploymentPostprocessing = 0;
		};
/* End PBXResourcesBuildPhase section */

/* Begin PBXSourcesBuildPhase section */
		B551BD7C27C685F1006FCB58 /* Sources */ = {
			isa = PBXSourcesBuildPhase;
			buildActionMask = 2147483647;
			files = (
				B5015D2027F5E79000D01DB6 /* ListButtonView.swift in Sources */,
				B5A323AF27C750D500D9767C /* OnboardingScreen.swift in Sources */,
				B5015D1E27F5E4E400D01DB6 /* ListEntryView.swift in Sources */,
				B551BD8627C685F1006FCB58 /* ContentView.swift in Sources */,
				B562123127E41E1C00A45AD7 /* TaskModal.swift in Sources */,
				B5B43B3227F037E700136E73 /* AchievementViewModel.swift in Sources */,
				B5057A9827CF279D0005512F /* View+extension.swift in Sources */,
				B58C531E27D7035B00A48AE8 /* TaskDetails.swift in Sources */,
				B5D9B60927EDF11700B541AA /* DynamicAnalyticsView.swift in Sources */,
				B50E896C27EDA84E005DBD59 /* Achievement.swift in Sources */,
				B5DB8A2F27D4B31D000D8B51 /* UIColorTransformer.swift in Sources */,
				B5B43B4227F0B2E500136E73 /* RootView.swift in Sources */,
				B5B43B3D27F0677500136E73 /* Task.swift in Sources */,
				B51B3C4F27C79CD1001CD692 /* LoginScreen.swift in Sources */,
				B5F39DA827F1EA6D00878579 /* Binding+extension.swift in Sources */,
				B5015D2227F6107200D01DB6 /* MailView.swift in Sources */,
				B593FAE227F703B5002AD8C0 /* TaskViewModelMVVM.swift in Sources */,
				B551BD8427C685F1006FCB58 /* TimeboxApp.swift in Sources */,
				B5DB8A6C27D50167000D8B51 /* Timebox.xcdatamodeld in Sources */,
				B567D40127F3585000BB469F /* SettingsViewModel.swift in Sources */,
				B5C1D9E027D3469C00E0D73E /* CTAButton.swift in Sources */,
				B561B7F527F2AA34003FDF5B /* UIFont+extension.swift in Sources */,
				B569230927F18A6A0010A04C /* UIColorPickerModal.swift in Sources */,
				B5D152FB27D0A5620073421B /* BacklogTasks.swift in Sources */,
				B5A0822C27EF1C92000F7BE3 /* String+extension.swift in Sources */,
				B5DB8A2A27D4B2A7000D8B51 /* DynamicTaskList.swift in Sources */,
				B5DB8A3B27D4B57B000D8B51 /* Persistence.swift in Sources */,
				B5D408AE27EC7378007FEB90 /* OngoingCardView.swift in Sources */,
				E557C1745A5FE5DD47C4AFB9 /* UIColor+extension.swift in Sources */,
				B5015D1C27F5B08F00D01DB6 /* UniversalCustomNavigationBar.swift in Sources */,
				B5B43B3927F0669300136E73 /* TaskSession.swift in Sources */,
				B592B9FF27CE2079009F079C /* TaskViewModel.swift in Sources */,
				B567D3FF27F340B200BB469F /* UIViewController+extension.swift in Sources */,
				B51B3C4D27C78EAC001CD692 /* OnboardTab.swift in Sources */,
				B5F645DF27CB8D9000AF1716 /* HomeScreen.swift in Sources */,
				B5B43B4027F068CB00136E73 /* TaskSessionViewModel.swift in Sources */,
				B5D152F927D082E10073421B /* TaskCardView.swift in Sources */,
				B569230B27F1BBEB0010A04C /* SettingsScreen.swift in Sources */,
				B50E895C27EDA570005DBD59 /* Subtask.swift in Sources */,
				B5D3081527E7071900959EF5 /* ListItemPickerView.swift in Sources */,
				A6D17918CA4D3FF150C49356 /* Color+extension.swift in Sources */,
				B5B43B4427F0BB7D00136E73 /* HexagonShape.swift in Sources */,
				4D2AF6B16791ACA9BEEF4801 /* Font+extension.swift in Sources */,
				B592B9FB27CE0A97009F079C /* ScheduledTasks.swift in Sources */,
				B5F645DD27CB837700AF1716 /* AuthViewModel.swift in Sources */,
			);
			runOnlyForDeploymentPostprocessing = 0;
		};
/* End PBXSourcesBuildPhase section */

/* Begin XCBuildConfiguration section */
		B551BD8C27C685F2006FCB58 /* Debug */ = {
			isa = XCBuildConfiguration;
			buildSettings = {
				ALWAYS_SEARCH_USER_PATHS = NO;
				CLANG_ANALYZER_NONNULL = YES;
				CLANG_ANALYZER_NUMBER_OBJECT_CONVERSION = YES_AGGRESSIVE;
				CLANG_CXX_LANGUAGE_STANDARD = "gnu++17";
				CLANG_CXX_LIBRARY = "libc++";
				CLANG_ENABLE_MODULES = YES;
				CLANG_ENABLE_OBJC_ARC = YES;
				CLANG_ENABLE_OBJC_WEAK = YES;
				CLANG_WARN_BLOCK_CAPTURE_AUTORELEASING = YES;
				CLANG_WARN_BOOL_CONVERSION = YES;
				CLANG_WARN_COMMA = YES;
				CLANG_WARN_CONSTANT_CONVERSION = YES;
				CLANG_WARN_DEPRECATED_OBJC_IMPLEMENTATIONS = YES;
				CLANG_WARN_DIRECT_OBJC_ISA_USAGE = YES_ERROR;
				CLANG_WARN_DOCUMENTATION_COMMENTS = YES;
				CLANG_WARN_EMPTY_BODY = YES;
				CLANG_WARN_ENUM_CONVERSION = YES;
				CLANG_WARN_INFINITE_RECURSION = YES;
				CLANG_WARN_INT_CONVERSION = YES;
				CLANG_WARN_NON_LITERAL_NULL_CONVERSION = YES;
				CLANG_WARN_OBJC_IMPLICIT_RETAIN_SELF = YES;
				CLANG_WARN_OBJC_LITERAL_CONVERSION = YES;
				CLANG_WARN_OBJC_ROOT_CLASS = YES_ERROR;
				CLANG_WARN_QUOTED_INCLUDE_IN_FRAMEWORK_HEADER = YES;
				CLANG_WARN_RANGE_LOOP_ANALYSIS = YES;
				CLANG_WARN_STRICT_PROTOTYPES = YES;
				CLANG_WARN_SUSPICIOUS_MOVE = YES;
				CLANG_WARN_UNGUARDED_AVAILABILITY = YES_AGGRESSIVE;
				CLANG_WARN_UNREACHABLE_CODE = YES;
				CLANG_WARN__DUPLICATE_METHOD_MATCH = YES;
				COPY_PHASE_STRIP = NO;
				DEBUG_INFORMATION_FORMAT = dwarf;
				ENABLE_STRICT_OBJC_MSGSEND = YES;
				ENABLE_TESTABILITY = YES;
				GCC_C_LANGUAGE_STANDARD = gnu11;
				GCC_DYNAMIC_NO_PIC = NO;
				GCC_NO_COMMON_BLOCKS = YES;
				GCC_OPTIMIZATION_LEVEL = 0;
				GCC_PREPROCESSOR_DEFINITIONS = (
					"DEBUG=1",
					"$(inherited)",
				);
				GCC_WARN_64_TO_32_BIT_CONVERSION = YES;
				GCC_WARN_ABOUT_RETURN_TYPE = YES_ERROR;
				GCC_WARN_UNDECLARED_SELECTOR = YES;
				GCC_WARN_UNINITIALIZED_AUTOS = YES_AGGRESSIVE;
				GCC_WARN_UNUSED_FUNCTION = YES;
				GCC_WARN_UNUSED_VARIABLE = YES;
				IPHONEOS_DEPLOYMENT_TARGET = 15.2;
				MTL_ENABLE_DEBUG_INFO = INCLUDE_SOURCE;
				MTL_FAST_MATH = YES;
				ONLY_ACTIVE_ARCH = YES;
				SDKROOT = iphoneos;
				SWIFT_ACTIVE_COMPILATION_CONDITIONS = DEBUG;
				SWIFT_OPTIMIZATION_LEVEL = "-Onone";
			};
			name = Debug;
		};
		B551BD8D27C685F2006FCB58 /* Release */ = {
			isa = XCBuildConfiguration;
			buildSettings = {
				ALWAYS_SEARCH_USER_PATHS = NO;
				CLANG_ANALYZER_NONNULL = YES;
				CLANG_ANALYZER_NUMBER_OBJECT_CONVERSION = YES_AGGRESSIVE;
				CLANG_CXX_LANGUAGE_STANDARD = "gnu++17";
				CLANG_CXX_LIBRARY = "libc++";
				CLANG_ENABLE_MODULES = YES;
				CLANG_ENABLE_OBJC_ARC = YES;
				CLANG_ENABLE_OBJC_WEAK = YES;
				CLANG_WARN_BLOCK_CAPTURE_AUTORELEASING = YES;
				CLANG_WARN_BOOL_CONVERSION = YES;
				CLANG_WARN_COMMA = YES;
				CLANG_WARN_CONSTANT_CONVERSION = YES;
				CLANG_WARN_DEPRECATED_OBJC_IMPLEMENTATIONS = YES;
				CLANG_WARN_DIRECT_OBJC_ISA_USAGE = YES_ERROR;
				CLANG_WARN_DOCUMENTATION_COMMENTS = YES;
				CLANG_WARN_EMPTY_BODY = YES;
				CLANG_WARN_ENUM_CONVERSION = YES;
				CLANG_WARN_INFINITE_RECURSION = YES;
				CLANG_WARN_INT_CONVERSION = YES;
				CLANG_WARN_NON_LITERAL_NULL_CONVERSION = YES;
				CLANG_WARN_OBJC_IMPLICIT_RETAIN_SELF = YES;
				CLANG_WARN_OBJC_LITERAL_CONVERSION = YES;
				CLANG_WARN_OBJC_ROOT_CLASS = YES_ERROR;
				CLANG_WARN_QUOTED_INCLUDE_IN_FRAMEWORK_HEADER = YES;
				CLANG_WARN_RANGE_LOOP_ANALYSIS = YES;
				CLANG_WARN_STRICT_PROTOTYPES = YES;
				CLANG_WARN_SUSPICIOUS_MOVE = YES;
				CLANG_WARN_UNGUARDED_AVAILABILITY = YES_AGGRESSIVE;
				CLANG_WARN_UNREACHABLE_CODE = YES;
				CLANG_WARN__DUPLICATE_METHOD_MATCH = YES;
				COPY_PHASE_STRIP = NO;
				DEBUG_INFORMATION_FORMAT = "dwarf-with-dsym";
				ENABLE_NS_ASSERTIONS = NO;
				ENABLE_STRICT_OBJC_MSGSEND = YES;
				GCC_C_LANGUAGE_STANDARD = gnu11;
				GCC_NO_COMMON_BLOCKS = YES;
				GCC_WARN_64_TO_32_BIT_CONVERSION = YES;
				GCC_WARN_ABOUT_RETURN_TYPE = YES_ERROR;
				GCC_WARN_UNDECLARED_SELECTOR = YES;
				GCC_WARN_UNINITIALIZED_AUTOS = YES_AGGRESSIVE;
				GCC_WARN_UNUSED_FUNCTION = YES;
				GCC_WARN_UNUSED_VARIABLE = YES;
				IPHONEOS_DEPLOYMENT_TARGET = 15.2;
				MTL_ENABLE_DEBUG_INFO = NO;
				MTL_FAST_MATH = YES;
				SDKROOT = iphoneos;
				SWIFT_COMPILATION_MODE = wholemodule;
				SWIFT_OPTIMIZATION_LEVEL = "-O";
				VALIDATE_PRODUCT = YES;
			};
			name = Release;
		};
		B551BD8F27C685F2006FCB58 /* Debug */ = {
			isa = XCBuildConfiguration;
			buildSettings = {
				ASSETCATALOG_COMPILER_APPICON_NAME = AppIcon;
				ASSETCATALOG_COMPILER_GLOBAL_ACCENT_COLOR_NAME = AccentColor;
				CODE_SIGN_ENTITLEMENTS = Timebox/Timebox.entitlements;
				CODE_SIGN_IDENTITY = "Apple Development";
				CODE_SIGN_STYLE = Automatic;
				CURRENT_PROJECT_VERSION = 1;
				DEVELOPMENT_ASSET_PATHS = "\"Timebox/Preview Content\"";
				DEVELOPMENT_TEAM = 429D46KH79;
				ENABLE_PREVIEWS = YES;
				GENERATE_INFOPLIST_FILE = YES;
				INFOPLIST_FILE = Timebox/Info.plist;
				INFOPLIST_KEY_UIApplicationSceneManifest_Generation = YES;
				INFOPLIST_KEY_UIApplicationSupportsIndirectInputEvents = YES;
				INFOPLIST_KEY_UILaunchScreen_Generation = YES;
				INFOPLIST_KEY_UISupportedInterfaceOrientations_iPad = "UIInterfaceOrientationPortrait UIInterfaceOrientationPortraitUpsideDown UIInterfaceOrientationLandscapeLeft UIInterfaceOrientationLandscapeRight";
				INFOPLIST_KEY_UISupportedInterfaceOrientations_iPhone = "UIInterfaceOrientationPortrait UIInterfaceOrientationLandscapeLeft UIInterfaceOrientationLandscapeRight";
				LD_RUNPATH_SEARCH_PATHS = (
					"$(inherited)",
					"@executable_path/Frameworks",
				);
				MARKETING_VERSION = 1.0;
				PRODUCT_BUNDLE_IDENTIFIER = com.lianghan321.Timebox;
				PRODUCT_NAME = "$(TARGET_NAME)";
				PROVISIONING_PROFILE_SPECIFIER = "";
				SWIFT_EMIT_LOC_STRINGS = YES;
				SWIFT_VERSION = 5.0;
				TARGETED_DEVICE_FAMILY = "1,2";
			};
			name = Debug;
		};
		B551BD9027C685F2006FCB58 /* Release */ = {
			isa = XCBuildConfiguration;
			buildSettings = {
				ASSETCATALOG_COMPILER_APPICON_NAME = AppIcon;
				ASSETCATALOG_COMPILER_GLOBAL_ACCENT_COLOR_NAME = AccentColor;
				CODE_SIGN_ENTITLEMENTS = Timebox/Timebox.entitlements;
				CODE_SIGN_IDENTITY = "Apple Development";
				CODE_SIGN_STYLE = Automatic;
				CURRENT_PROJECT_VERSION = 1;
				DEVELOPMENT_ASSET_PATHS = "\"Timebox/Preview Content\"";
				DEVELOPMENT_TEAM = 429D46KH79;
				ENABLE_PREVIEWS = YES;
				GENERATE_INFOPLIST_FILE = YES;
				INFOPLIST_FILE = Timebox/Info.plist;
				INFOPLIST_KEY_UIApplicationSceneManifest_Generation = YES;
				INFOPLIST_KEY_UIApplicationSupportsIndirectInputEvents = YES;
				INFOPLIST_KEY_UILaunchScreen_Generation = YES;
				INFOPLIST_KEY_UISupportedInterfaceOrientations_iPad = "UIInterfaceOrientationPortrait UIInterfaceOrientationPortraitUpsideDown UIInterfaceOrientationLandscapeLeft UIInterfaceOrientationLandscapeRight";
				INFOPLIST_KEY_UISupportedInterfaceOrientations_iPhone = "UIInterfaceOrientationPortrait UIInterfaceOrientationLandscapeLeft UIInterfaceOrientationLandscapeRight";
				LD_RUNPATH_SEARCH_PATHS = (
					"$(inherited)",
					"@executable_path/Frameworks",
				);
				MARKETING_VERSION = 1.0;
				PRODUCT_BUNDLE_IDENTIFIER = com.lianghan321.Timebox;
				PRODUCT_NAME = "$(TARGET_NAME)";
				PROVISIONING_PROFILE_SPECIFIER = "";
				SWIFT_EMIT_LOC_STRINGS = YES;
				SWIFT_VERSION = 5.0;
				TARGETED_DEVICE_FAMILY = "1,2";
			};
			name = Release;
		};
/* End XCBuildConfiguration section */

/* Begin XCConfigurationList section */
		B551BD7B27C685F1006FCB58 /* Build configuration list for PBXProject "Timebox" */ = {
			isa = XCConfigurationList;
			buildConfigurations = (
				B551BD8C27C685F2006FCB58 /* Debug */,
				B551BD8D27C685F2006FCB58 /* Release */,
			);
			defaultConfigurationIsVisible = 0;
			defaultConfigurationName = Release;
		};
		B551BD8E27C685F2006FCB58 /* Build configuration list for PBXNativeTarget "Timebox" */ = {
			isa = XCConfigurationList;
			buildConfigurations = (
				B551BD8F27C685F2006FCB58 /* Debug */,
				B551BD9027C685F2006FCB58 /* Release */,
			);
			defaultConfigurationIsVisible = 0;
			defaultConfigurationName = Release;
		};
/* End XCConfigurationList section */

/* Begin XCVersionGroup section */
		B5DB8A6A27D50167000D8B51 /* Timebox.xcdatamodeld */ = {
			isa = XCVersionGroup;
			children = (
				B5DB8A6B27D50167000D8B51 /* TimeboxCoreData.xcdatamodel */,
			);
			currentVersion = B5DB8A6B27D50167000D8B51 /* TimeboxCoreData.xcdatamodel */;
			path = Timebox.xcdatamodeld;
			sourceTree = "<group>";
			versionGroupType = wrapper.xcdatamodel;
		};
/* End XCVersionGroup section */
	};
	rootObject = B551BD7827C685F1006FCB58 /* Project object */;
}
